hash: 08ab25e51a4daa996ded940c219f932dce5df2b29bfee301d9b270f6b97ed82e
updated: 2016-11-23T20:59:37.258662357-07:00
imports:
- name: github.com/elazarl/go-bindata-assetfs
  version: 9a6736ed45b44bf3835afeebb3034b57ed329f3e
- name: github.com/gorilla/context
  version: 08b5f424b9271eedf6f9f0ce86cb9396ed337a42
- name: github.com/gorilla/csrf
  version: 69581736821c33d85bbf378f42f6ad864dbd85de
- name: github.com/gorilla/securecookie
  version: fa5329f913702981df43dcb2a380bac429c810b5
- name: github.com/jteeuwen/go-bindata
  version: a0ff2567cfb70903282db057e799fd826784d41d
- name: github.com/julienschmidt/httprouter
  version: 4563b0ba73e4db6c6423b60a26f3cadd2e9a1ec9
- name: github.com/pkg/errors
  version: 248dadf4e9068a0b3e79f02ed0a610d935de5302
testImports: []
